lockfileVersion: 5.4

importers:

  .:
    specifiers:
      turbo: 1.8.0
    dependencies:
      turbo: 1.8.0

  packages/first:
    specifiers: {}

  packages/second:
    specifiers:
      '@turbo-repo-filter-dependencies-bug/first': workspace:*
    dependencies:
      '@turbo-repo-filter-dependencies-bug/first': link:../first

packages:

  /turbo-darwin-64/1.8.0:
    resolution: {integrity: sha512-NxsE8OXuFigOV5GH/12Q4+HqAM5w3ZDHhfqxQPEyi1mM2e/+7XSUwNKOjQHzxFdwS/m54Y/GvNr75/GxqxblaA==}
    cpu: [x64]
    os: [darwin]
    requiresBuild: true
    dev: false
    optional: true

  /turbo-darwin-arm64/1.8.0:
    resolution: {integrity: sha512-WjJJm5DdhocjzrPRDme+irgN+X/KKk9AnLmY9PPxDzeegeBTaenQqoN4k4Z3iSPqdkdnbT1zMO4+xt+rof43cg==}
    cpu: [arm64]
    os: [darwin]
    requiresBuild: true
    dev: false
    optional: true

  /turbo-linux-64/1.8.0:
    resolution: {integrity: sha512-n41gbE7HxLr+j8Mduq10I2k79uS3vTsSwl4+z5Zpcm2GgI1ljinnVvIkeTupfaTqV4AsVz4w7JBtF9HmxKJncw==}
    cpu: [x64]
    os: [linux]
    requiresBuild: true
    dev: false
    optional: true

  /turbo-linux-arm64/1.8.0:
    resolution: {integrity: sha512-Jq7lBwFT52MPyi+HqXsemQiVXJXLPmyt+0UQYvcxza01a/dXGlQb7H980EOfE/QNUp1Oq9RZXwJGE/8YH8c+bQ==}
    cpu: [arm64]
    os: [linux]
    requiresBuild: true
    dev: false
    optional: true

  /turbo-windows-64/1.8.0:
    resolution: {integrity: sha512-x+0jeQ1gE1yPoZ4CBnaVbCeIY5EeGTKs2tuFA1zS5x8rz8yFB4pgxGWt+Romk/tyRyav/ZhjUZ98EeDKYP2ePQ==}
    cpu: [x64]
    os: [win32]
    requiresBuild: true
    dev: false
    optional: true

  /turbo-windows-arm64/1.8.0:
    resolution: {integrity: sha512-24aaeWLnzj2z2nmH2ra0cr+CKclWuArJZfx/NgS3jgJDB7kbcwoIfLxEUXhWudT5Mkbh44Oz1puwYauw5lnBWQ==}
    cpu: [arm64]
    os: [win32]
    requiresBuild: true
    dev: false
    optional: true

  /turbo/1.8.0:
    resolution: {integrity: sha512-vqRF0JGWGAKrBVtt/QT6ggBEYyRLTynZNRCiUad5zlXA7FB1vLTnCSQT6Hj2sq80QFGcWmgf2bLiNDKHiP4THA==}
    hasBin: true
    requiresBuild: true
    optionalDependencies:
      turbo-darwin-64: 1.8.0
      turbo-darwin-arm64: 1.8.0
      turbo-linux-64: 1.8.0
      turbo-linux-arm64: 1.8.0
      turbo-windows-64: 1.8.0
      turbo-windows-arm64: 1.8.0
    dev: false
